
Microsoft Visual Studio Solution File, Format Version 12.00
# Visual Studio Version 16
VisualStudioVersion = 16.0.33423.256
MinimumVisualStudioVersion = 10.0.40219.1
Project("{FAE04EC0-301F-11D3-BF4B-00C04F79EFBC}") = "ASP.NetMVC", "ASP.NetMVC\ASP.NetMVC.csproj", "{5816D71E-1D09-4B04-94B3-1E24AD77BE22}"
EndProject
Global
	GlobalSection(SolutionConfigurationPlatforms) = preSolution
		Debug|Any CPU = Debug|Any CPU
		Release|Any CPU = Release|Any CPU
	EndGlobalSection
	GlobalSection(ProjectConfigurationPlatforms) = postSolution
		{5816D71E-1D09-4B04-94B3-1E24AD77BE22}.Debug|Any CPU.ActiveCfg = Debug|Any CPU
		{5816D71E-1D09-4B04-94B3-1E24AD77BE22}.Debug|Any CPU.Build.0 = Debug|Any CPU
		{5816D71E-1D09-4B04-94B3-1E24AD77BE22}.Release|Any CPU.ActiveCfg = Release|Any CPU
		{5816D71E-1D09-4B04-94B3-1E24AD77BE22}.Release|Any CPU.Build.0 = Release|Any CPU
	EndGlobalSection
	GlobalSection(SolutionProperties) = preSolution
		HideSolutionNode = FALSE
	EndGlobalSection
	GlobalSection(ExtensibilityGlobals) = postSolution
		SolutionGuid = {7B4BAB26-CE45-4D4C-B961-43B539C0184B}
	EndGlobalSection
EndGlobal
